// !$*UTF8*$!
{
	archiveVersion = 1;
	classes = {
	};
	objectVersion = 56;
	objects = {

/* Begin PBXBuildFile section */
		0606D59C299AB1B8009F126E /* .gitignore in Resources */ = {isa = PBXBuildFile; fileRef = 0606D59B299AB1B8009F126E /* .gitignore */; };
		0606D5A0299AB935009F126E /* .gitignore in Resources */ = {isa = PBXBuildFile; fileRef = 0606D59F299AB935009F126E /* .gitignore */; };
		062EC059299C14940036AEA2 /* BouncyBallView.swift in Sources */ = {isa = PBXBuildFile; fileRef = 062EC058299C14940036AEA2 /* BouncyBallView.swift */; };
		062EC05B299C18CD0036AEA2 /* FindingProgressBar.swift in Sources */ = {isa = PBXBuildFile; fileRef = 062EC05A299C18CD0036AEA2 /* FindingProgressBar.swift */; };
		064E7B55298DEE3B007BA722 /* JuggleChallengeView.swift in Sources */ = {isa = PBXBuildFile; fileRef = 064E7B54298DEE3B007BA722 /* JuggleChallengeView.swift */; };
		064E7B57298DEE70007BA722 /* RoundedLabelView.swift in Sources */ = {isa = PBXBuildFile; fileRef = 064E7B56298DEE70007BA722 /* RoundedLabelView.swift */; };
		064E7B59298DF0A5007BA722 /* ResetButtonView.swift in Sources */ = {isa = PBXBuildFile; fileRef = 064E7B58298DF0A5007BA722 /* ResetButtonView.swift */; };
		064E7B5B298DF0F8007BA722 /* ResetButtonController.swift in Sources */ = {isa = PBXBuildFile; fileRef = 064E7B5A298DF0F8007BA722 /* ResetButtonController.swift */; };
		064E7B5D298DF989007BA722 /* BallStatusView.swift in Sources */ = {isa = PBXBuildFile; fileRef = 064E7B5C298DF989007BA722 /* BallStatusView.swift */; };
		064E7B5F298DFD31007BA722 /* JuggleChallengeController.swift in Sources */ = {isa = PBXBuildFile; fileRef = 064E7B5E298DFD31007BA722 /* JuggleChallengeController.swift */; };
		064E7B61298E008B007BA722 /* CameraFeedView.swift in Sources */ = {isa = PBXBuildFile; fileRef = 064E7B60298E008B007BA722 /* CameraFeedView.swift */; };
		064E7B63298E0329007BA722 /* JuggleChallengeModel.swift in Sources */ = {isa = PBXBuildFile; fileRef = 064E7B62298E0329007BA722 /* JuggleChallengeModel.swift */; };
		064E7B65298E03D9007BA722 /* BallTrackingStatus.swift in Sources */ = {isa = PBXBuildFile; fileRef = 064E7B64298E03D9007BA722 /* BallTrackingStatus.swift */; };
		064E7B67298F0805007BA722 /* VisionDetectionView.swift in Sources */ = {isa = PBXBuildFile; fileRef = 064E7B66298F0805007BA722 /* VisionDetectionView.swift */; };
		066001B0299016C700E82177 /* KeepyUpCounterController.swift in Sources */ = {isa = PBXBuildFile; fileRef = 066001AF299016C700E82177 /* KeepyUpCounterController.swift */; };
		066001B229917CB700E82177 /* VisionResultsDelegate.swift in Sources */ = {isa = PBXBuildFile; fileRef = 066001B129917CB700E82177 /* VisionResultsDelegate.swift */; };
		066001B429917CEB00E82177 /* BallNotFoundView.swift in Sources */ = {isa = PBXBuildFile; fileRef = 066001B329917CEB00E82177 /* BallNotFoundView.swift */; };
		068FD27E299C0A500085C1E5 /* FindingBallView.swift in Sources */ = {isa = PBXBuildFile; fileRef = 068FD27D299C0A500085C1E5 /* FindingBallView.swift */; };
		069151E2299330CD0088F135 /* BallBouncingScene.swift in Sources */ = {isa = PBXBuildFile; fileRef = 069151E0299330CC0088F135 /* BallBouncingScene.swift */; };
		069151E42993348E0088F135 /* BallBouncingScene.sks in Resources */ = {isa = PBXBuildFile; fileRef = 069151E32993348E0088F135 /* BallBouncingScene.sks */; };
		069151E629934CE20088F135 /* MissingBallView.swift in Sources */ = {isa = PBXBuildFile; fileRef = 069151E529934CE20088F135 /* MissingBallView.swift */; };
		069151F429956DC40088F135 /* CameraSwitchView.swift in Sources */ = {isa = PBXBuildFile; fileRef = 069151F329956DC40088F135 /* CameraSwitchView.swift */; };
		972F146B2985EADE002087AF /* Challenge6_v1App.swift in Sources */ = {isa = PBXBuildFile; fileRef = 972F146A2985EADE002087AF /* Challenge6_v1App.swift */; };
		972F146D2985EADE002087AF /* ContentView.swift in Sources */ = {isa = PBXBuildFile; fileRef = 972F146C2985EADE002087AF /* ContentView.swift */; };
		972F146F2985EAE1002087AF /* Assets.xcassets in Resources */ = {isa = PBXBuildFile; fileRef = 972F146E2985EAE1002087AF /* Assets.xcassets */; };
		972F14722985EAE1002087AF /* Preview Assets.xcassets in Resources */ = {isa = PBXBuildFile; fileRef = 972F14712985EAE1002087AF /* Preview Assets.xcassets */; };
		972F14802985EBA5002087AF /* Color.swift in Sources */ = {isa = PBXBuildFile; fileRef = 972F147F2985EBA5002087AF /* Color.swift */; };
		972F14822985ECB6002087AF /* TabBar.swift in Sources */ = {isa = PBXBuildFile; fileRef = 972F14812985ECB6002087AF /* TabBar.swift */; };
		972F14842985FE3B002087AF /* ChallengeView.swift in Sources */ = {isa = PBXBuildFile; fileRef = 972F14832985FE3B002087AF /* ChallengeView.swift */; };
		972F1486298601AE002087AF /* Challenge.swift in Sources */ = {isa = PBXBuildFile; fileRef = 972F1485298601AD002087AF /* Challenge.swift */; };
		972F148A29860614002087AF /* TrophyView.swift in Sources */ = {isa = PBXBuildFile; fileRef = 972F148929860614002087AF /* TrophyView.swift */; };
		972F148C29860627002087AF /* PersonView.swift in Sources */ = {isa = PBXBuildFile; fileRef = 972F148B29860627002087AF /* PersonView.swift */; };
		972F148E298608A1002087AF /* JugglingExplanationView.swift in Sources */ = {isa = PBXBuildFile; fileRef = 972F148D298608A1002087AF /* JugglingExplanationView.swift */; };
		972F1490298712F9002087AF /* CurrentTab.swift in Sources */ = {isa = PBXBuildFile; fileRef = 972F148F298712F9002087AF /* CurrentTab.swift */; };
		97A7A7FB2989B6B400BA92A2 /* DiogoVideo.mov in Resources */ = {isa = PBXBuildFile; fileRef = 97A7A7FA2989B6B400BA92A2 /* DiogoVideo.mov */; };
		97A7A80D298ADAE000BA92A2 /* Main.storyboard in Resources */ = {isa = PBXBuildFile; fileRef = 97A7A7FF298ADADF00BA92A2 /* Main.storyboard */; };
		97A7A80F298ADAE000BA92A2 /* Direction.swift in Sources */ = {isa = PBXBuildFile; fileRef = 97A7A801298ADADF00BA92A2 /* Direction.swift */; };
		97A7A813298ADAE000BA92A2 /* AppDelegate.swift in Sources */ = {isa = PBXBuildFile; fileRef = 97A7A805298ADADF00BA92A2 /* AppDelegate.swift */; };
		97A7A814298ADAE000BA92A2 /* Extensions.swift in Sources */ = {isa = PBXBuildFile; fileRef = 97A7A806298ADADF00BA92A2 /* Extensions.swift */; };
		97A7A815298ADAE000BA92A2 /* KeepyUpCounterView.swift in Sources */ = {isa = PBXBuildFile; fileRef = 97A7A807298ADADF00BA92A2 /* KeepyUpCounterView.swift */; };
		97A7A819298ADAE000BA92A2 /* LaunchScreen.storyboard in Resources */ = {isa = PBXBuildFile; fileRef = 97A7A80B298ADAE000BA92A2 /* LaunchScreen.storyboard */; };
		97A7A81F298ADC6900BA92A2 /* Model_Original.mlmodel in Sources */ = {isa = PBXBuildFile; fileRef = 97A7A81E298ADC6800BA92A2 /* Model_Original.mlmodel */; };
		97A7A821298ADC7100BA92A2 /* YoloConvertedNoCricketReal.mlmodel in Sources */ = {isa = PBXBuildFile; fileRef = 97A7A820298ADC7100BA92A2 /* YoloConvertedNoCricketReal.mlmodel */; };
		97A7A823298ADC7B00BA92A2 /* BallGams.mlmodel in Sources */ = {isa = PBXBuildFile; fileRef = 97A7A822298ADC7B00BA92A2 /* BallGams.mlmodel */; };
		97A7A825298AF25500BA92A2 /* CurrentExerciseView.swift in Sources */ = {isa = PBXBuildFile; fileRef = 97A7A824298AF25500BA92A2 /* CurrentExerciseView.swift */; };
		97A7A828298B0C8100BA92A2 /* ObjectDetectionViewController.swift in Sources */ = {isa = PBXBuildFile; fileRef = 97A7A827298B0C8100BA92A2 /* ObjectDetectionViewController.swift */; };
		97A7A82A298B0C9E00BA92A2 /* ViewController.swift in Sources */ = {isa = PBXBuildFile; fileRef = 97A7A829298B0C9E00BA92A2 /* ViewController.swift */; };
		97A7A82C298BDE0000BA92A2 /* LoadingView.swift in Sources */ = {isa = PBXBuildFile; fileRef = 97A7A82B298BDE0000BA92A2 /* LoadingView.swift */; };
		97EE2A702991999C0097A723 /* Model4.mlmodel in Sources */ = {isa = PBXBuildFile; fileRef = 97EE2A6F2991999C0097A723 /* Model4.mlmodel */; };
		97EE2A7F2996CFFF0097A723 /* EventMessenger.swift in Sources */ = {isa = PBXBuildFile; fileRef = 97EE2A7E2996CFFF0097A723 /* EventMessenger.swift */; };
		97EE2A8B299ABC2A0097A723 /* Model.mlmodel in Sources */ = {isa = PBXBuildFile; fileRef = 97EE2A8A299ABC290097A723 /* Model.mlmodel */; };
/* End PBXBuildFile section */

/* Begin PBXFileReference section */
		0606D59B299AB1B8009F126E /* .gitignore */ = {isa = PBXFileReference; lastKnownFileType = text; path = .gitignore; sourceTree = "<group>"; };
		0606D59F299AB935009F126E /* .gitignore */ = {isa = PBXFileReference; fileEncoding = 4; lastKnownFileType = text; path = .gitignore; sourceTree = "<group>"; };
		062EC058299C14940036AEA2 /* BouncyBallView.swift */ = {isa = PBXFileReference; lastKnownFileType = sourcecode.swift; path = BouncyBallView.swift; sourceTree = "<group>"; };
		062EC05A299C18CD0036AEA2 /* FindingProgressBar.swift */ = {isa = PBXFileReference; lastKnownFileType = sourcecode.swift; path = FindingProgressBar.swift; sourceTree = "<group>"; };
		064E7B54298DEE3B007BA722 /* JuggleChallengeView.swift */ = {isa = PBXFileReference; lastKnownFileType = sourcecode.swift; path = JuggleChallengeView.swift; sourceTree = "<group>"; };
		064E7B56298DEE70007BA722 /* RoundedLabelView.swift */ = {isa = PBXFileReference; lastKnownFileType = sourcecode.swift; path = RoundedLabelView.swift; sourceTree = "<group>"; };
		064E7B58298DF0A5007BA722 /* ResetButtonView.swift */ = {isa = PBXFileReference; lastKnownFileType = sourcecode.swift; path = ResetButtonView.swift; sourceTree = "<group>"; };
		064E7B5A298DF0F8007BA722 /* ResetButtonController.swift */ = {isa = PBXFileReference; lastKnownFileType = sourcecode.swift; path = ResetButtonController.swift; sourceTree = "<group>"; };
		064E7B5C298DF989007BA722 /* BallStatusView.swift */ = {isa = PBXFileReference; lastKnownFileType = sourcecode.swift; path = BallStatusView.swift; sourceTree = "<group>"; };
		064E7B5E298DFD31007BA722 /* JuggleChallengeController.swift */ = {isa = PBXFileReference; lastKnownFileType = sourcecode.swift; path = JuggleChallengeController.swift; sourceTree = "<group>"; };
		064E7B60298E008B007BA722 /* CameraFeedView.swift */ = {isa = PBXFileReference; lastKnownFileType = sourcecode.swift; path = CameraFeedView.swift; sourceTree = "<group>"; };
		064E7B62298E0329007BA722 /* JuggleChallengeModel.swift */ = {isa = PBXFileReference; lastKnownFileType = sourcecode.swift; path = JuggleChallengeModel.swift; sourceTree = "<group>"; };
		064E7B64298E03D9007BA722 /* BallTrackingStatus.swift */ = {isa = PBXFileReference; lastKnownFileType = sourcecode.swift; path = BallTrackingStatus.swift; sourceTree = "<group>"; };
		064E7B66298F0805007BA722 /* VisionDetectionView.swift */ = {isa = PBXFileReference; lastKnownFileType = sourcecode.swift; path = VisionDetectionView.swift; sourceTree = "<group>"; };
		066001AF299016C700E82177 /* KeepyUpCounterController.swift */ = {isa = PBXFileReference; lastKnownFileType = sourcecode.swift; path = KeepyUpCounterController.swift; sourceTree = "<group>"; };
		066001B129917CB700E82177 /* VisionResultsDelegate.swift */ = {isa = PBXFileReference; lastKnownFileType = sourcecode.swift; path = VisionResultsDelegate.swift; sourceTree = "<group>"; };
		066001B329917CEB00E82177 /* BallNotFoundView.swift */ = {isa = PBXFileReference; lastKnownFileType = sourcecode.swift; path = BallNotFoundView.swift; sourceTree = "<group>"; };
		068FD27D299C0A500085C1E5 /* FindingBallView.swift */ = {isa = PBXFileReference; lastKnownFileType = sourcecode.swift; path = FindingBallView.swift; sourceTree = "<group>"; };
		069151E0299330CC0088F135 /* BallBouncingScene.swift */ = {isa = PBXFileReference; fileEncoding = 4; lastKnownFileType = sourcecode.swift; path = BallBouncingScene.swift; sourceTree = "<group>"; };
		069151E32993348E0088F135 /* BallBouncingScene.sks */ = {isa = PBXFileReference; lastKnownFileType = file.sks; path = BallBouncingScene.sks; sourceTree = "<group>"; };
		069151E529934CE20088F135 /* MissingBallView.swift */ = {isa = PBXFileReference; lastKnownFileType = sourcecode.swift; path = MissingBallView.swift; sourceTree = "<group>"; };
		069151F329956DC40088F135 /* CameraSwitchView.swift */ = {isa = PBXFileReference; lastKnownFileType = sourcecode.swift; path = CameraSwitchView.swift; sourceTree = "<group>"; };
		972F14672985EADE002087AF /* Challenge6_v1.app */ = {isa = PBXFileReference; explicitFileType = wrapper.application; includeInIndex = 0; path = Challenge6_v1.app; sourceTree = BUILT_PRODUCTS_DIR; };
		972F146A2985EADE002087AF /* Challenge6_v1App.swift */ = {isa = PBXFileReference; lastKnownFileType = sourcecode.swift; path = Challenge6_v1App.swift; sourceTree = "<group>"; };
		972F146C2985EADE002087AF /* ContentView.swift */ = {isa = PBXFileReference; lastKnownFileType = sourcecode.swift; path = ContentView.swift; sourceTree = "<group>"; };
		972F146E2985EAE1002087AF /* Assets.xcassets */ = {isa = PBXFileReference; lastKnownFileType = folder.assetcatalog; path = Assets.xcassets; sourceTree = "<group>"; };
		972F14712985EAE1002087AF /* Preview Assets.xcassets */ = {isa = PBXFileReference; lastKnownFileType = folder.assetcatalog; path = "Preview Assets.xcassets"; sourceTree = "<group>"; };
		972F147F2985EBA5002087AF /* Color.swift */ = {isa = PBXFileReference; lastKnownFileType = sourcecode.swift; path = Color.swift; sourceTree = "<group>"; };
		972F14812985ECB6002087AF /* TabBar.swift */ = {isa = PBXFileReference; lastKnownFileType = sourcecode.swift; path = TabBar.swift; sourceTree = "<group>"; };
		972F14832985FE3B002087AF /* ChallengeView.swift */ = {isa = PBXFileReference; lastKnownFileType = sourcecode.swift; path = ChallengeView.swift; sourceTree = "<group>"; };
		972F1485298601AD002087AF /* Challenge.swift */ = {isa = PBXFileReference; lastKnownFileType = sourcecode.swift; path = Challenge.swift; sourceTree = "<group>"; };
		972F148929860614002087AF /* TrophyView.swift */ = {isa = PBXFileReference; lastKnownFileType = sourcecode.swift; path = TrophyView.swift; sourceTree = "<group>"; };
		972F148B29860627002087AF /* PersonView.swift */ = {isa = PBXFileReference; lastKnownFileType = sourcecode.swift; path = PersonView.swift; sourceTree = "<group>"; };
		972F148D298608A1002087AF /* JugglingExplanationView.swift */ = {isa = PBXFileReference; lastKnownFileType = sourcecode.swift; path = JugglingExplanationView.swift; sourceTree = "<group>"; };
		972F148F298712F9002087AF /* CurrentTab.swift */ = {isa = PBXFileReference; lastKnownFileType = sourcecode.swift; path = CurrentTab.swift; sourceTree = "<group>"; };
		97A7A7FA2989B6B400BA92A2 /* DiogoVideo.mov */ = {isa = PBXFileReference; lastKnownFileType = video.quicktime; path = DiogoVideo.mov; sourceTree = "<group>"; };
		97A7A7FF298ADADF00BA92A2 /* Main.storyboard */ = {isa = PBXFileReference; fileEncoding = 4; lastKnownFileType = file.storyboard; path = Main.storyboard; sourceTree = "<group>"; };
		97A7A801298ADADF00BA92A2 /* Direction.swift */ = {isa = PBXFileReference; fileEncoding = 4; lastKnownFileType = sourcecode.swift; path = Direction.swift; sourceTree = "<group>"; };
		97A7A805298ADADF00BA92A2 /* AppDelegate.swift */ = {isa = PBXFileReference; fileEncoding = 4; lastKnownFileType = sourcecode.swift; path = AppDelegate.swift; sourceTree = "<group>"; };
		97A7A806298ADADF00BA92A2 /* Extensions.swift */ = {isa = PBXFileReference; fileEncoding = 4; lastKnownFileType = sourcecode.swift; path = Extensions.swift; sourceTree = "<group>"; };
		97A7A807298ADADF00BA92A2 /* KeepyUpCounterView.swift */ = {isa = PBXFileReference; fileEncoding = 4; lastKnownFileType = sourcecode.swift; path = KeepyUpCounterView.swift; sourceTree = "<group>"; };
		97A7A80B298ADAE000BA92A2 /* LaunchScreen.storyboard */ = {isa = PBXFileReference; fileEncoding = 4; lastKnownFileType = file.storyboard; path = LaunchScreen.storyboard; sourceTree = "<group>"; };
		97A7A81E298ADC6800BA92A2 /* Model_Original.mlmodel */ = {isa = PBXFileReference; lastKnownFileType = file.mlmodel; path = Model_Original.mlmodel; sourceTree = "<group>"; };
		97A7A820298ADC7100BA92A2 /* YoloConvertedNoCricketReal.mlmodel */ = {isa = PBXFileReference; lastKnownFileType = file.mlmodel; path = YoloConvertedNoCricketReal.mlmodel; sourceTree = "<group>"; };
		97A7A822298ADC7B00BA92A2 /* BallGams.mlmodel */ = {isa = PBXFileReference; lastKnownFileType = file.mlmodel; path = BallGams.mlmodel; sourceTree = "<group>"; };
		97A7A824298AF25500BA92A2 /* CurrentExerciseView.swift */ = {isa = PBXFileReference; lastKnownFileType = sourcecode.swift; path = CurrentExerciseView.swift; sourceTree = "<group>"; };
		97A7A826298AF62D00BA92A2 /* Challenge6-v1-Info.plist */ = {isa = PBXFileReference; lastKnownFileType = text.plist; path = "Challenge6-v1-Info.plist"; sourceTree = SOURCE_ROOT; };
		97A7A827298B0C8100BA92A2 /* ObjectDetectionViewController.swift */ = {isa = PBXFileReference; fileEncoding = 4; lastKnownFileType = sourcecode.swift; path = ObjectDetectionViewController.swift; sourceTree = "<group>"; };
		97A7A829298B0C9E00BA92A2 /* ViewController.swift */ = {isa = PBXFileReference; fileEncoding = 4; lastKnownFileType = sourcecode.swift; path = ViewController.swift; sourceTree = "<group>"; };
		97A7A82B298BDE0000BA92A2 /* LoadingView.swift */ = {isa = PBXFileReference; lastKnownFileType = sourcecode.swift; path = LoadingView.swift; sourceTree = "<group>"; };
		97EE2A6F2991999C0097A723 /* Model4.mlmodel */ = {isa = PBXFileReference; lastKnownFileType = file.mlmodel; path = Model4.mlmodel; sourceTree = "<group>"; };
		97EE2A7E2996CFFF0097A723 /* EventMessenger.swift */ = {isa = PBXFileReference; lastKnownFileType = sourcecode.swift; path = EventMessenger.swift; sourceTree = "<group>"; };
		97EE2A8A299ABC290097A723 /* Model.mlmodel */ = {isa = PBXFileReference; lastKnownFileType = file.mlmodel; path = Model.mlmodel; sourceTree = "<group>"; };
		97EE2A8C299ABC2E0097A723 /* Model_utilizado.mlmodel */ = {isa = PBXFileReference; lastKnownFileType = file.mlmodel; path = Model_utilizado.mlmodel; sourceTree = "<group>"; };
/* End PBXFileReference section */

/* Begin PBXFrameworksBuildPhase section */
		972F14642985EADE002087AF /* Frameworks */ = {
			isa = PBXFrameworksBuildPhase;
			buildActionMask = 2147483647;
			files = (
			);
			runOnlyForDeploymentPostprocessing = 0;
		};
/* End PBXFrameworksBuildPhase section */

/* Begin PBXGroup section */
		064E7B51298DD26E007BA722 /* Model */ = {
			isa = PBXGroup;
			children = (
				97EE2A7E2996CFFF0097A723 /* EventMessenger.swift */,
				97A7A806298ADADF00BA92A2 /* Extensions.swift */,
				064E7B62298E0329007BA722 /* JuggleChallengeModel.swift */,
				97A7A801298ADADF00BA92A2 /* Direction.swift */,
				064E7B64298E03D9007BA722 /* BallTrackingStatus.swift */,
			);
			path = Model;
			sourceTree = "<group>";
		};
		064E7B52298DD27F007BA722 /* View */ = {
			isa = PBXGroup;
			children = (
				069151E0299330CC0088F135 /* BallBouncingScene.swift */,
				068FD27D299C0A500085C1E5 /* FindingBallView.swift */,
				069151E529934CE20088F135 /* MissingBallView.swift */,
				062EC058299C14940036AEA2 /* BouncyBallView.swift */,
				064E7B54298DEE3B007BA722 /* JuggleChallengeView.swift */,
				064E7B56298DEE70007BA722 /* RoundedLabelView.swift */,
				064E7B58298DF0A5007BA722 /* ResetButtonView.swift */,
				97A7A807298ADADF00BA92A2 /* KeepyUpCounterView.swift */,
				064E7B5C298DF989007BA722 /* BallStatusView.swift */,
				064E7B60298E008B007BA722 /* CameraFeedView.swift */,
				064E7B66298F0805007BA722 /* VisionDetectionView.swift */,
				069151F329956DC40088F135 /* CameraSwitchView.swift */,
				066001B329917CEB00E82177 /* BallNotFoundView.swift */,
				062EC05A299C18CD0036AEA2 /* FindingProgressBar.swift */,
			);
			path = View;
			sourceTree = "<group>";
		};
		064E7B53298DD28F007BA722 /* Controller */ = {
			isa = PBXGroup;
			children = (
				064E7B5A298DF0F8007BA722 /* ResetButtonController.swift */,
				064E7B5E298DFD31007BA722 /* JuggleChallengeController.swift */,
				066001AF299016C700E82177 /* KeepyUpCounterController.swift */,
				066001B129917CB700E82177 /* VisionResultsDelegate.swift */,
				069151E32993348E0088F135 /* BallBouncingScene.sks */,
			);
			path = Controller;
			sourceTree = "<group>";
		};
		972F145E2985EADE002087AF = {
			isa = PBXGroup;
			children = (
				0606D59B299AB1B8009F126E /* .gitignore */,
				0606D59F299AB935009F126E /* .gitignore */,
				972F14692985EADE002087AF /* Challenge6_v1 */,
				972F14682985EADE002087AF /* Products */,
			);
			sourceTree = "<group>";
		};
		972F14682985EADE002087AF /* Products */ = {
			isa = PBXGroup;
			children = (
				972F14672985EADE002087AF /* Challenge6_v1.app */,
			);
			name = Products;
			sourceTree = "<group>";
		};
		972F14692985EADE002087AF /* Challenge6_v1 */ = {
			isa = PBXGroup;
			children = (
				97A7A826298AF62D00BA92A2 /* Challenge6-v1-Info.plist */,
				97A7A81A298ADAEA00BA92A2 /* UIKit */,
				972F147E2985EB91002087AF /* Extension */,
				972F14792985EB2F002087AF /* Core */,
				972F14782985EB26002087AF /* Model */,
				972F146A2985EADE002087AF /* Challenge6_v1App.swift */,
				972F146E2985EAE1002087AF /* Assets.xcassets */,
				972F14702985EAE1002087AF /* Preview Content */,
			);
			path = Challenge6_v1;
			sourceTree = "<group>";
		};
		972F14702985EAE1002087AF /* Preview Content */ = {
			isa = PBXGroup;
			children = (
				972F14712985EAE1002087AF /* Preview Assets.xcassets */,
			);
			path = "Preview Content";
			sourceTree = "<group>";
		};
		972F14782985EB26002087AF /* Model */ = {
			isa = PBXGroup;
			children = (
				972F1485298601AD002087AF /* Challenge.swift */,
				972F148F298712F9002087AF /* CurrentTab.swift */,
			);
			path = Model;
			sourceTree = "<group>";
		};
		972F14792985EB2F002087AF /* Core */ = {
			isa = PBXGroup;
			children = (
				972F147C2985EB63002087AF /* Home */,
				972F147B2985EB54002087AF /* ViewComponents */,
			);
			path = Core;
			sourceTree = "<group>";
		};
		972F147A2985EB4B002087AF /* ViewModels */ = {
			isa = PBXGroup;
			children = (
			);
			path = ViewModels;
			sourceTree = "<group>";
		};
		972F147B2985EB54002087AF /* ViewComponents */ = {
			isa = PBXGroup;
			children = (
				97A7A7FA2989B6B400BA92A2 /* DiogoVideo.mov */,
				972F14812985ECB6002087AF /* TabBar.swift */,
				97A7A82B298BDE0000BA92A2 /* LoadingView.swift */,
			);
			path = ViewComponents;
			sourceTree = "<group>";
		};
		972F147C2985EB63002087AF /* Home */ = {
			isa = PBXGroup;
			children = (
				972F147D2985EB6B002087AF /* Views */,
				972F147A2985EB4B002087AF /* ViewModels */,
			);
			path = Home;
			sourceTree = "<group>";
		};
		972F147D2985EB6B002087AF /* Views */ = {
			isa = PBXGroup;
			children = (
				97EE2A87299952BB0097A723 /* Test */,
				972F146C2985EADE002087AF /* ContentView.swift */,
				972F14832985FE3B002087AF /* ChallengeView.swift */,
				972F148929860614002087AF /* TrophyView.swift */,
				972F148B29860627002087AF /* PersonView.swift */,
				972F148D298608A1002087AF /* JugglingExplanationView.swift */,
				97A7A824298AF25500BA92A2 /* CurrentExerciseView.swift */,
			);
			path = Views;
			sourceTree = "<group>";
		};
		972F147E2985EB91002087AF /* Extension */ = {
			isa = PBXGroup;
			children = (
				972F147F2985EBA5002087AF /* Color.swift */,
			);
			path = Extension;
			sourceTree = "<group>";
		};
		97A7A81A298ADAEA00BA92A2 /* UIKit */ = {
			isa = PBXGroup;
			children = (
				97EE2A862999527D0097A723 /* ML Models */,
				064E7B53298DD28F007BA722 /* Controller */,
				064E7B52298DD27F007BA722 /* View */,
				064E7B51298DD26E007BA722 /* Model */,
				97A7A805298ADADF00BA92A2 /* AppDelegate.swift */,
				97A7A80B298ADAE000BA92A2 /* LaunchScreen.storyboard */,
				97A7A7FF298ADADF00BA92A2 /* Main.storyboard */,
				97A7A827298B0C8100BA92A2 /* ObjectDetectionViewController.swift */,
				97A7A829298B0C9E00BA92A2 /* ViewController.swift */,
			);
			path = UIKit;
			sourceTree = "<group>";
		};
		97EE2A862999527D0097A723 /* ML Models */ = {
			isa = PBXGroup;
			children = (
				97EE2A8C299ABC2E0097A723 /* Model_utilizado.mlmodel */,
				97A7A81E298ADC6800BA92A2 /* Model_Original.mlmodel */,
				97EE2A8A299ABC290097A723 /* Model.mlmodel */,
				97A7A820298ADC7100BA92A2 /* YoloConvertedNoCricketReal.mlmodel */,
				97A7A822298ADC7B00BA92A2 /* BallGams.mlmodel */,
				97EE2A6F2991999C0097A723 /* Model4.mlmodel */,
			);
			path = "ML Models";
			sourceTree = "<group>";
		};
		97EE2A87299952BB0097A723 /* Test */ = {
			isa = PBXGroup;
			children = (
			);
			path = Test;
			sourceTree = "<group>";
		};
/* End PBXGroup section */

/* Begin PBXNativeTarget section */
		972F14662985EADE002087AF /* Challenge6_v1 */ = {
			isa = PBXNativeTarget;
			buildConfigurationList = 972F14752985EAE1002087AF /* Build configuration list for PBXNativeTarget "Challenge6_v1" */;
			buildPhases = (
				972F14632985EADE002087AF /* Sources */,
				972F14642985EADE002087AF /* Frameworks */,
				972F14652985EADE002087AF /* Resources */,
			);
			buildRules = (
			);
			dependencies = (
			);
			name = Challenge6_v1;
			productName = Challenge6_v1;
			productReference = 972F14672985EADE002087AF /* Challenge6_v1.app */;
			productType = "com.apple.product-type.application";
		};
/* End PBXNativeTarget section */

/* Begin PBXProject section */
		972F145F2985EADE002087AF /* Project object */ = {
			isa = PBXProject;
			attributes = {
				BuildIndependentTargetsInParallel = 1;
				LastSwiftUpdateCheck = 1420;
				LastUpgradeCheck = 1420;
				TargetAttributes = {
					972F14662985EADE002087AF = {
						CreatedOnToolsVersion = 14.2;
					};
				};
			};
			buildConfigurationList = 972F14622985EADE002087AF /* Build configuration list for PBXProject "Challenge6_v1" */;
			compatibilityVersion = "Xcode 14.0";
			developmentRegion = en;
			hasScannedForEncodings = 0;
			knownRegions = (
				en,
				Base,
			);
			mainGroup = 972F145E2985EADE002087AF;
			productRefGroup = 972F14682985EADE002087AF /* Products */;
			projectDirPath = "";
			projectRoot = "";
			targets = (
				972F14662985EADE002087AF /* Challenge6_v1 */,
			);
		};
/* End PBXProject section */

/* Begin PBXResourcesBuildPhase section */
		972F14652985EADE002087AF /* Resources */ = {
			isa = PBXResourcesBuildPhase;
			buildActionMask = 2147483647;
			files = (
				0606D5A0299AB935009F126E /* .gitignore in Resources */,
				972F14722985EAE1002087AF /* Preview Assets.xcassets in Resources */,
				0606D59C299AB1B8009F126E /* .gitignore in Resources */,
				972F146F2985EAE1002087AF /* Assets.xcassets in Resources */,
				97A7A7FB2989B6B400BA92A2 /* DiogoVideo.mov in Resources */,
				97A7A819298ADAE000BA92A2 /* LaunchScreen.storyboard in Resources */,
				069151E42993348E0088F135 /* BallBouncingScene.sks in Resources */,
				97A7A80D298ADAE000BA92A2 /* Main.storyboard in Resources */,
			);
			runOnlyForDeploymentPostprocessing = 0;
		};
/* End PBXResourcesBuildPhase section */

/* Begin PBXSourcesBuildPhase section */
		972F14632985EADE002087AF /* Sources */ = {
			isa = PBXSourcesBuildPhase;
			buildActionMask = 2147483647;
			files = (
				972F146D2985EADE002087AF /* ContentView.swift in Sources */,
				972F1486298601AE002087AF /* Challenge.swift in Sources */,
				069151E629934CE20088F135 /* MissingBallView.swift in Sources */,
				064E7B5B298DF0F8007BA722 /* ResetButtonController.swift in Sources */,
				97A7A81F298ADC6900BA92A2 /* Model_Original.mlmodel in Sources */,
				069151F429956DC40088F135 /* CameraSwitchView.swift in Sources */,
				97A7A82C298BDE0000BA92A2 /* LoadingView.swift in Sources */,
				066001B429917CEB00E82177 /* BallNotFoundView.swift in Sources */,
				972F146B2985EADE002087AF /* Challenge6_v1App.swift in Sources */,
				064E7B67298F0805007BA722 /* VisionDetectionView.swift in Sources */,
				972F14802985EBA5002087AF /* Color.swift in Sources */,
				97EE2A8B299ABC2A0097A723 /* Model.mlmodel in Sources */,
				066001B0299016C700E82177 /* KeepyUpCounterController.swift in Sources */,
				972F148A29860614002087AF /* TrophyView.swift in Sources */,
				062EC05B299C18CD0036AEA2 /* FindingProgressBar.swift in Sources */,
				97EE2A702991999C0097A723 /* Model4.mlmodel in Sources */,
				97A7A825298AF25500BA92A2 /* CurrentExerciseView.swift in Sources */,
				972F148C29860627002087AF /* PersonView.swift in Sources */,
				97A7A813298ADAE000BA92A2 /* AppDelegate.swift in Sources */,
				972F148E298608A1002087AF /* JugglingExplanationView.swift in Sources */,
				97EE2A7F2996CFFF0097A723 /* EventMessenger.swift in Sources */,
				97A7A821298ADC7100BA92A2 /* YoloConvertedNoCricketReal.mlmodel in Sources */,
				062EC059299C14940036AEA2 /* BouncyBallView.swift in Sources */,
				972F1490298712F9002087AF /* CurrentTab.swift in Sources */,
				972F14842985FE3B002087AF /* ChallengeView.swift in Sources */,
				064E7B55298DEE3B007BA722 /* JuggleChallengeView.swift in Sources */,
				97A7A823298ADC7B00BA92A2 /* BallGams.mlmodel in Sources */,
				064E7B5D298DF989007BA722 /* BallStatusView.swift in Sources */,
				97A7A814298ADAE000BA92A2 /* Extensions.swift in Sources */,
				064E7B61298E008B007BA722 /* CameraFeedView.swift in Sources */,
				064E7B63298E0329007BA722 /* JuggleChallengeModel.swift in Sources */,
				972F14822985ECB6002087AF /* TabBar.swift in Sources */,
				97A7A828298B0C8100BA92A2 /* ObjectDetectionViewController.swift in Sources */,
				068FD27E299C0A500085C1E5 /* FindingBallView.swift in Sources */,
				97A7A82A298B0C9E00BA92A2 /* ViewController.swift in Sources */,
				064E7B59298DF0A5007BA722 /* ResetButtonView.swift in Sources */,
				064E7B57298DEE70007BA722 /* RoundedLabelView.swift in Sources */,
				069151E2299330CD0088F135 /* BallBouncingScene.swift in Sources */,
				97A7A80F298ADAE000BA92A2 /* Direction.swift in Sources */,
				064E7B65298E03D9007BA722 /* BallTrackingStatus.swift in Sources */,
				97A7A815298ADAE000BA92A2 /* KeepyUpCounterView.swift in Sources */,
				064E7B5F298DFD31007BA722 /* JuggleChallengeController.swift in Sources */,
				066001B229917CB700E82177 /* VisionResultsDelegate.swift in Sources */,
			);
			runOnlyForDeploymentPostprocessing = 0;
		};
/* End PBXSourcesBuildPhase section */

/* Begin XCBuildConfiguration section */
		972F14732985EAE1002087AF /* Debug */ = {
			isa = XCBuildConfiguration;
			buildSettings = {
				ALWAYS_SEARCH_USER_PATHS = NO;
				CLANG_ANALYZER_NONNULL = YES;
				CLANG_ANALYZER_NUMBER_OBJECT_CONVERSION = YES_AGGRESSIVE;
				CLANG_CXX_LANGUAGE_STANDARD = "gnu++20";
				CLANG_ENABLE_MODULES = YES;
				CLANG_ENABLE_OBJC_ARC = YES;
				CLANG_ENABLE_OBJC_WEAK = YES;
				CLANG_WARN_BLOCK_CAPTURE_AUTORELEASING = YES;
				CLANG_WARN_BOOL_CONVERSION = YES;
				CLANG_WARN_COMMA = YES;
				CLANG_WARN_CONSTANT_CONVERSION = YES;
				CLANG_WARN_DEPRECATED_OBJC_IMPLEMENTATIONS = YES;
				CLANG_WARN_DIRECT_OBJC_ISA_USAGE = YES_ERROR;
				CLANG_WARN_DOCUMENTATION_COMMENTS = YES;
				CLANG_WARN_EMPTY_BODY = YES;
				CLANG_WARN_ENUM_CONVERSION = YES;
				CLANG_WARN_INFINITE_RECURSION = YES;
				CLANG_WARN_INT_CONVERSION = YES;
				CLANG_WARN_NON_LITERAL_NULL_CONVERSION = YES;
				CLANG_WARN_OBJC_IMPLICIT_RETAIN_SELF = YES;
				CLANG_WARN_OBJC_LITERAL_CONVERSION = YES;
				CLANG_WARN_OBJC_ROOT_CLASS = YES_ERROR;
				CLANG_WARN_QUOTED_INCLUDE_IN_FRAMEWORK_HEADER = YES;
				CLANG_WARN_RANGE_LOOP_ANALYSIS = YES;
				CLANG_WARN_STRICT_PROTOTYPES = YES;
				CLANG_WARN_SUSPICIOUS_MOVE = YES;
				CLANG_WARN_UNGUARDED_AVAILABILITY = YES_AGGRESSIVE;
				CLANG_WARN_UNREACHABLE_CODE = YES;
				CLANG_WARN__DUPLICATE_METHOD_MATCH = YES;
				COPY_PHASE_STRIP = NO;
				DEBUG_INFORMATION_FORMAT = dwarf;
				ENABLE_STRICT_OBJC_MSGSEND = YES;
				ENABLE_TESTABILITY = YES;
				GCC_C_LANGUAGE_STANDARD = gnu11;
				GCC_DYNAMIC_NO_PIC = NO;
				GCC_NO_COMMON_BLOCKS = YES;
				GCC_OPTIMIZATION_LEVEL = 0;
				GCC_PREPROCESSOR_DEFINITIONS = (
					"DEBUG=1",
					"$(inherited)",
				);
				GCC_WARN_64_TO_32_BIT_CONVERSION = YES;
				GCC_WARN_ABOUT_RETURN_TYPE = YES_ERROR;
				GCC_WARN_UNDECLARED_SELECTOR = YES;
				GCC_WARN_UNINITIALIZED_AUTOS = YES_AGGRESSIVE;
				GCC_WARN_UNUSED_FUNCTION = YES;
				GCC_WARN_UNUSED_VARIABLE = YES;
				IPHONEOS_DEPLOYMENT_TARGET = 16.2;
				MTL_ENABLE_DEBUG_INFO = INCLUDE_SOURCE;
				MTL_FAST_MATH = YES;
				ONLY_ACTIVE_ARCH = YES;
				SDKROOT = iphoneos;
				SWIFT_ACTIVE_COMPILATION_CONDITIONS = DEBUG;
				SWIFT_OPTIMIZATION_LEVEL = "-Onone";
			};
			name = Debug;
		};
		972F14742985EAE1002087AF /* Release */ = {
			isa = XCBuildConfiguration;
			buildSettings = {
				ALWAYS_SEARCH_USER_PATHS = NO;
				CLANG_ANALYZER_NONNULL = YES;
				CLANG_ANALYZER_NUMBER_OBJECT_CONVERSION = YES_AGGRESSIVE;
				CLANG_CXX_LANGUAGE_STANDARD = "gnu++20";
				CLANG_ENABLE_MODULES = YES;
				CLANG_ENABLE_OBJC_ARC = YES;
				CLANG_ENABLE_OBJC_WEAK = YES;
				CLANG_WARN_BLOCK_CAPTURE_AUTORELEASING = YES;
				CLANG_WARN_BOOL_CONVERSION = YES;
				CLANG_WARN_COMMA = YES;
				CLANG_WARN_CONSTANT_CONVERSION = YES;
				CLANG_WARN_DEPRECATED_OBJC_IMPLEMENTATIONS = YES;
				CLANG_WARN_DIRECT_OBJC_ISA_USAGE = YES_ERROR;
				CLANG_WARN_DOCUMENTATION_COMMENTS = YES;
				CLANG_WARN_EMPTY_BODY = YES;
				CLANG_WARN_ENUM_CONVERSION = YES;
				CLANG_WARN_INFINITE_RECURSION = YES;
				CLANG_WARN_INT_CONVERSION = YES;
				CLANG_WARN_NON_LITERAL_NULL_CONVERSION = YES;
				CLANG_WARN_OBJC_IMPLICIT_RETAIN_SELF = YES;
				CLANG_WARN_OBJC_LITERAL_CONVERSION = YES;
				CLANG_WARN_OBJC_ROOT_CLASS = YES_ERROR;
				CLANG_WARN_QUOTED_INCLUDE_IN_FRAMEWORK_HEADER = YES;
				CLANG_WARN_RANGE_LOOP_ANALYSIS = YES;
				CLANG_WARN_STRICT_PROTOTYPES = YES;
				CLANG_WARN_SUSPICIOUS_MOVE = YES;
				CLANG_WARN_UNGUARDED_AVAILABILITY = YES_AGGRESSIVE;
				CLANG_WARN_UNREACHABLE_CODE = YES;
				CLANG_WARN__DUPLICATE_METHOD_MATCH = YES;
				COPY_PHASE_STRIP = NO;
				DEBUG_INFORMATION_FORMAT = "dwarf-with-dsym";
				ENABLE_NS_ASSERTIONS = NO;
				ENABLE_STRICT_OBJC_MSGSEND = YES;
				GCC_C_LANGUAGE_STANDARD = gnu11;
				GCC_NO_COMMON_BLOCKS = YES;
				GCC_WARN_64_TO_32_BIT_CONVERSION = YES;
				GCC_WARN_ABOUT_RETURN_TYPE = YES_ERROR;
				GCC_WARN_UNDECLARED_SELECTOR = YES;
				GCC_WARN_UNINITIALIZED_AUTOS = YES_AGGRESSIVE;
				GCC_WARN_UNUSED_FUNCTION = YES;
				GCC_WARN_UNUSED_VARIABLE = YES;
				IPHONEOS_DEPLOYMENT_TARGET = 16.2;
				MTL_ENABLE_DEBUG_INFO = NO;
				MTL_FAST_MATH = YES;
				SDKROOT = iphoneos;
				SWIFT_COMPILATION_MODE = wholemodule;
				SWIFT_OPTIMIZATION_LEVEL = "-O";
				VALIDATE_PRODUCT = YES;
			};
			name = Release;
		};
		972F14762985EAE1002087AF /* Debug */ = {
			isa = XCBuildConfiguration;
			buildSettings = {
				ASSETCATALOG_COMPILER_APPICON_NAME = AppIcon;
				ASSETCATALOG_COMPILER_GLOBAL_ACCENT_COLOR_NAME = AccentColor;
				CODE_SIGN_STYLE = Automatic;
				CURRENT_PROJECT_VERSION = 2;
				DEVELOPMENT_ASSET_PATHS = "\"Challenge6_v1/Preview Content\"";
				DEVELOPMENT_TEAM = R5TN67Z99H;
				ENABLE_PREVIEWS = YES;
				GENERATE_INFOPLIST_FILE = YES;
				INFOPLIST_FILE = "Challenge6-v1-Info.plist";
				INFOPLIST_KEY_CFBundleDisplayName = Olimpo;
				INFOPLIST_KEY_NSCameraUsageDescription = "We need the camera to start the exercise";
				INFOPLIST_KEY_UILaunchScreen_Generation = YES;
				INFOPLIST_KEY_UIRequiredDeviceCapabilities = armv7;
				INFOPLIST_KEY_UISupportedInterfaceOrientations = UIInterfaceOrientationPortrait;
				IPHONEOS_DEPLOYMENT_TARGET = 16.0;
				LD_RUNPATH_SEARCH_PATHS = (
					"$(inherited)",
					"@executable_path/Frameworks",
				);
				MARKETING_VERSION = 1.0;
				PRODUCT_BUNDLE_IDENTIFIER = "academy.les.inf.puc-rio.br.alexandre.Challenge6-v1";
				PRODUCT_NAME = "$(TARGET_NAME)";
				SUPPORTED_PLATFORMS = "iphoneos iphonesimulator";
				SUPPORTS_MACCATALYST = NO;
				SUPPORTS_MAC_DESIGNED_FOR_IPHONE_IPAD = NO;
				SWIFT_EMIT_LOC_STRINGS = YES;
				SWIFT_VERSION = 5.0;
				TARGETED_DEVICE_FAMILY = 1;
			};
			name = Debug;
		};
		972F14772985EAE1002087AF /* Release */ = {
			isa = XCBuildConfiguration;
			buildSettings = {
				ASSETCATALOG_COMPILER_APPICON_NAME = AppIcon;
				ASSETCATALOG_COMPILER_GLOBAL_ACCENT_COLOR_NAME = AccentColor;
				CODE_SIGN_STYLE = Automatic;
				CURRENT_PROJECT_VERSION = 2;
				DEVELOPMENT_ASSET_PATHS = "\"Challenge6_v1/Preview Content\"";
				DEVELOPMENT_TEAM = R5TN67Z99H;
				ENABLE_PREVIEWS = YES;
				GENERATE_INFOPLIST_FILE = YES;
				INFOPLIST_FILE = "Challenge6-v1-Info.plist";
				INFOPLIST_KEY_CFBundleDisplayName = Olimpo;
				INFOPLIST_KEY_NSCameraUsageDescription = "We need the camera to start the exercise";
				INFOPLIST_KEY_UILaunchScreen_Generation = YES;
				INFOPLIST_KEY_UIRequiredDeviceCapabilities = armv7;
				INFOPLIST_KEY_UISupportedInterfaceOrientations = UIInterfaceOrientationPortrait;
				IPHONEOS_DEPLOYMENT_TARGET = 16.0;
				LD_RUNPATH_SEARCH_PATHS = (
					"$(inherited)",
					"@executable_path/Frameworks",
				);
				MARKETING_VERSION = 1.0;
				PRODUCT_BUNDLE_IDENTIFIER = "academy.les.inf.puc-rio.br.alexandre.Challenge6-v1";
				PRODUCT_NAME = "$(TARGET_NAME)";
				SUPPORTED_PLATFORMS = "iphoneos iphonesimulator";
				SUPPORTS_MACCATALYST = NO;
				SUPPORTS_MAC_DESIGNED_FOR_IPHONE_IPAD = NO;
				SWIFT_EMIT_LOC_STRINGS = YES;
				SWIFT_VERSION = 5.0;
				TARGETED_DEVICE_FAMILY = 1;
			};
			name = Release;
		};
/* End XCBuildConfiguration section */

/* Begin XCConfigurationList section */
		972F14622985EADE002087AF /* Build configuration list for PBXProject "Challenge6_v1" */ = {
			isa = XCConfigurationList;
			buildConfigurations = (
				972F14732985EAE1002087AF /* Debug */,
				972F14742985EAE1002087AF /* Release */,
			);
			defaultConfigurationIsVisible = 0;
			defaultConfigurationName = Release;
		};
		972F14752985EAE1002087AF /* Build configuration list for PBXNativeTarget "Challenge6_v1" */ = {
			isa = XCConfigurationList;
			buildConfigurations = (
				972F14762985EAE1002087AF /* Debug */,
				972F14772985EAE1002087AF /* Release */,
			);
			defaultConfigurationIsVisible = 0;
			defaultConfigurationName = Release;
		};
/* End XCConfigurationList section */
	};
	rootObject = 972F145F2985EADE002087AF /* Project object */;
}
